
Microsoft Visual Studio Solution File, Format Version 12.00
# Visual Studio Version 16
VisualStudioVersion = 16.0.29613.14
MinimumVisualStudioVersion = 10.0.40219.1
Project("{9A19103F-16F7-4668-BE54-9A1E7A4F7556}") = "day1", "day1.csproj", "{2DA7D334-530E-41BC-8135-AA12CBC6BC05}"
EndProject
Global
	GlobalSection(SolutionConfigurationPlatforms) = preSolution
		Debug|Any CPU = Debug|Any CPU
		Release|Any CPU = Release|Any CPU
	EndGlobalSection
	GlobalSection(ProjectConfigurationPlatforms) = postSolution
		{2DA7D334-530E-41BC-8135-AA12CBC6BC05}.Debug|Any CPU.ActiveCfg = Debug|Any CPU
		{2DA7D334-530E-41BC-8135-AA12CBC6BC05}.Debug|Any CPU.Build.0 = Debug|Any CPU
		{2DA7D334-530E-41BC-8135-AA12CBC6BC05}.Release|Any CPU.ActiveCfg = Release|Any CPU
		{2DA7D334-530E-41BC-8135-AA12CBC6BC05}.Release|Any CPU.Build.0 = Release|Any CPU
	EndGlobalSection
	GlobalSection(SolutionProperties) = preSolution
		HideSolutionNode = FALSE
	EndGlobalSection
	GlobalSection(ExtensibilityGlobals) = postSolution
		SolutionGuid = {F26973A9-2A1D-4C9B-9E96-C24DCB3883C1}
	EndGlobalSection
EndGlobal
